github.com/razonyang/hugo-theme-bootstrap v0.67.1 h1:Z7Ep1yP10Bi4tzl39oDEREa2YnGQ7EenY5xyYFp/rGU=
github.com/razonyang/hugo-theme-bootstrap v0.67.1/go.mod h1:uf/BlKpHfDFmaGi1eeoGEHQ1LA6ns4bSsupvOwVXmXI=
github.com/razonyang/hugo-theme-bootstrap v0.71.0 h1:y2pINli6L2YtuO5wXNXE1GP00noSB9c3tLU0jwrByU0=
github.com/razonyang/hugo-theme-bootstrap v0.71.0/go.mod h1:o+IIPL/5wreiTojnN4MsQqKuxbv3fWAQnMhG9geltQo=
